
Microsoft Visual Studio Solution File, Format Version 12.00
Project("{FAE04EC0-301F-11D3-BF4B-00C04F79EFBC}") = "Irihi.Avalonia.Fonts.XiaolaiSC", "Irihi.Avalonia.Fonts.XiaolaiSC\Irihi.Avalonia.Fonts.XiaolaiSC.csproj", "{BA6A8427-5D3A-4B85-8059-D5E39E25C758}"
EndProject
Project("{FAE04EC0-301F-11D3-BF4B-00C04F79EFBC}") = "Irihi.Avalonia.Fonts.XiaolaiMonoSC", "Irihi.Avalonia.Fonts.XiaolaiMonoSC\Irihi.Avalonia.Fonts.XiaolaiMonoSC.csproj", "{D08F51FD-C116-4AFA-A586-EF0EE9CBB1C8}"
EndProject
Project("{2150E333-8FDC-42A3-9474-1A3956D46DE8}") = "GitHub Action", "GitHub Action", "{57A17B9E-33B4-46A0-8BEF-AD4E7E85C680}"
	ProjectSection(SolutionItems) = preProject
		.github\workflows\pack-nightly.yml = .github\workflows\pack-nightly.yml
		.github\workflows\release-tag.yml = .github\workflows\release-tag.yml
	EndProjectSection
EndProject
Global
	GlobalSection(SolutionConfigurationPlatforms) = preSolution
		Debug|Any CPU = Debug|Any CPU
		Release|Any CPU = Release|Any CPU
	EndGlobalSection
	GlobalSection(ProjectConfigurationPlatforms) = postSolution
		{BA6A8427-5D3A-4B85-8059-D5E39E25C758}.Debug|Any CPU.ActiveCfg = Debug|Any CPU
		{BA6A8427-5D3A-4B85-8059-D5E39E25C758}.Debug|Any CPU.Build.0 = Debug|Any CPU
		{BA6A8427-5D3A-4B85-8059-D5E39E25C758}.Release|Any CPU.ActiveCfg = Release|Any CPU
		{BA6A8427-5D3A-4B85-8059-D5E39E25C758}.Release|Any CPU.Build.0 = Release|Any CPU
		{D08F51FD-C116-4AFA-A586-EF0EE9CBB1C8}.Debug|Any CPU.ActiveCfg = Debug|Any CPU
		{D08F51FD-C116-4AFA-A586-EF0EE9CBB1C8}.Debug|Any CPU.Build.0 = Debug|Any CPU
		{D08F51FD-C116-4AFA-A586-EF0EE9CBB1C8}.Release|Any CPU.ActiveCfg = Release|Any CPU
		{D08F51FD-C116-4AFA-A586-EF0EE9CBB1C8}.Release|Any CPU.Build.0 = Release|Any CPU
	EndGlobalSection
EndGlobal
